
Microsoft Visual Studio Solution File, Format Version 12.00
# Visual Studio 2013
VisualStudioVersion = 12.0.30501.0
MinimumVisualStudioVersion = 10.0.40219.1
Project("{FAE04EC0-301F-11D3-BF4B-00C04F79EFBC}") = "Leffsoft.FizzBuzz", "Leffsoft.FizzBuzz\Leffsoft.FizzBuzz.csproj", "{63D8E62A-16A3-4C95-86A9-166597CAC9C9}"
EndProject
Project("{FAE04EC0-301F-11D3-BF4B-00C04F79EFBC}") = "TestApp", "TestApp\TestApp.csproj", "{1E4BCA7C-43C2-49D2-A33B-5AE266262A10}"
EndProject
Global
	GlobalSection(SolutionConfigurationPlatforms) = preSolution
		Debug|Any CPU = Debug|Any CPU
		Release|Any CPU = Release|Any CPU
	EndGlobalSection
	GlobalSection(ProjectConfigurationPlatforms) = postSolution
		{63D8E62A-16A3-4C95-86A9-166597CAC9C9}.Debug|Any CPU.ActiveCfg = Debug|Any CPU
		{63D8E62A-16A3-4C95-86A9-166597CAC9C9}.Debug|Any CPU.Build.0 = Debug|Any CPU
		{63D8E62A-16A3-4C95-86A9-166597CAC9C9}.Release|Any CPU.ActiveCfg = Release|Any CPU
		{63D8E62A-16A3-4C95-86A9-166597CAC9C9}.Release|Any CPU.Build.0 = Release|Any CPU
		{1E4BCA7C-43C2-49D2-A33B-5AE266262A10}.Debug|Any CPU.ActiveCfg = Debug|Any CPU
		{1E4BCA7C-43C2-49D2-A33B-5AE266262A10}.Debug|Any CPU.Build.0 = Debug|Any CPU
		{1E4BCA7C-43C2-49D2-A33B-5AE266262A10}.Release|Any CPU.ActiveCfg = Release|Any CPU
		{1E4BCA7C-43C2-49D2-A33B-5AE266262A10}.Release|Any CPU.Build.0 = Release|Any CPU
	EndGlobalSection
	GlobalSection(SolutionProperties) = preSolution
		HideSolutionNode = FALSE
	EndGlobalSection
EndGlobal
